
Microsoft Visual Studio Solution File, Format Version 12.00
# Visual Studio 15
VisualStudioVersion = 15.0.28307.489
MinimumVisualStudioVersion = 10.0.40219.1
Project("{9A19103F-16F7-4668-BE54-9A1E7A4F7556}") = "APIServer", "APIServer\APIServer.csproj", "{572DAC05-CD8A-4164-AB71-8D1B8594D725}"
EndProject
Global
	GlobalSection(SolutionConfigurationPlatforms) = preSolution
		Debug|Any CPU = Debug|Any CPU
		Release|Any CPU = Release|Any CPU
	EndGlobalSection
	GlobalSection(ProjectConfigurationPlatforms) = postSolution
		{572DAC05-CD8A-4164-AB71-8D1B8594D725}.Debug|Any CPU.ActiveCfg = Debug|Any CPU
		{572DAC05-CD8A-4164-AB71-8D1B8594D725}.Debug|Any CPU.Build.0 = Debug|Any CPU
		{572DAC05-CD8A-4164-AB71-8D1B8594D725}.Release|Any CPU.ActiveCfg = Release|Any CPU
		{572DAC05-CD8A-4164-AB71-8D1B8594D725}.Release|Any CPU.Build.0 = Release|Any CPU
	EndGlobalSection
	GlobalSection(SolutionProperties) = preSolution
		HideSolutionNode = FALSE
	EndGlobalSection
	GlobalSection(ExtensibilityGlobals) = postSolution
		SolutionGuid = {BA1D25E4-B5E2-4B22-99FA-001EE32AE937}
	EndGlobalSection
EndGlobal
